// !$*UTF8*$!
{
	archiveVersion = 1;
	classes = {
	};
	objectVersion = 55;
	objects = {

/* Begin PBXBuildFile section */
		E87EC8E428EB852300D4323C /* AppDelegate.swift in Sources */ = {isa = PBXBuildFile; fileRef = E87EC8E328EB852300D4323C /* AppDelegate.swift */; };
		E87EC8E628EB852300D4323C /* SceneDelegate.swift in Sources */ = {isa = PBXBuildFile; fileRef = E87EC8E528EB852300D4323C /* SceneDelegate.swift */; };
		E87EC8E828EB852300D4323C /* ViewController.swift in Sources */ = {isa = PBXBuildFile; fileRef = E87EC8E728EB852300D4323C /* ViewController.swift */; };
		E87EC8EB28EB852300D4323C /* Main.storyboard in Resources */ = {isa = PBXBuildFile; fileRef = E87EC8E928EB852300D4323C /* Main.storyboard */; };
		E87EC8EE28EB852300D4323C /* swift_testable.xcdatamodeld in Sources */ = {isa = PBXBuildFile; fileRef = E87EC8EC28EB852300D4323C /* swift_testable.xcdatamodeld */; };
		E87EC8F028EB852500D4323C /* Assets.xcassets in Resources */ = {isa = PBXBuildFile; fileRef = E87EC8EF28EB852500D4323C /* Assets.xcassets */; };
		E87EC8F328EB852500D4323C /* LaunchScreen.storyboard in Resources */ = {isa = PBXBuildFile; fileRef = E87EC8F128EB852500D4323C /* LaunchScreen.storyboard */; };
		E87EC8FE28EB852500D4323C /* swift_testableTests.swift in Sources */ = {isa = PBXBuildFile; fileRef = E87EC8FD28EB852500D4323C /* swift_testableTests.swift */; };
		E87EC90828EB852500D4323C /* swift_testableUITests.swift in Sources */ = {isa = PBXBuildFile; fileRef = E87EC90728EB852500D4323C /* swift_testableUITests.swift */; };
		E87EC90A28EB852500D4323C /* swift_testableUITestsLaunchTests.swift in Sources */ = {isa = PBXBuildFile; fileRef = E87EC90928EB852500D4323C /* swift_testableUITestsLaunchTests.swift */; };
/* End PBXBuildFile section */

/* Begin PBXContainerItemProxy section */
		E87EC8FA28EB852500D4323C /* PBXContainerItemProxy */ = {
			isa = PBXContainerItemProxy;
			containerPortal = E87EC8D828EB852300D4323C /* Project object */;
			proxyType = 1;
			remoteGlobalIDString = E87EC8DF28EB852300D4323C;
			remoteInfo = "swift-testable";
		};
		E87EC90428EB852500D4323C /* PBXContainerItemProxy */ = {
			isa = PBXContainerItemProxy;
			containerPortal = E87EC8D828EB852300D4323C /* Project object */;
			proxyType = 1;
			remoteGlobalIDString = E87EC8DF28EB852300D4323C;
			remoteInfo = "swift-testable";
		};
/* End PBXContainerItemProxy section */

/* Begin PBXFileReference section */
		E87EC8E028EB852300D4323C /* swift-testable.app */ = {isa = PBXFileReference; explicitFileType = wrapper.application; includeInIndex = 0; path = "swift-testable.app"; sourceTree = BUILT_PRODUCTS_DIR; };
		E87EC8E328EB852300D4323C /* AppDelegate.swift */ = {isa = PBXFileReference; lastKnownFileType = sourcecode.swift; path = AppDelegate.swift; sourceTree = "<group>"; };
		E87EC8E528EB852300D4323C /* SceneDelegate.swift */ = {isa = PBXFileReference; lastKnownFileType = sourcecode.swift; path = SceneDelegate.swift; sourceTree = "<group>"; };
		E87EC8E728EB852300D4323C /* ViewController.swift */ = {isa = PBXFileReference; lastKnownFileType = sourcecode.swift; path = ViewController.swift; sourceTree = "<group>"; };
		E87EC8EA28EB852300D4323C /* Base */ = {isa = PBXFileReference; lastKnownFileType = file.storyboard; name = Base; path = Base.lproj/Main.storyboard; sourceTree = "<group>"; };
		E87EC8ED28EB852300D4323C /* swift_testable.xcdatamodel */ = {isa = PBXFileReference; lastKnownFileType = wrapper.xcdatamodel; path = swift_testable.xcdatamodel; sourceTree = "<group>"; };
		E87EC8EF28EB852500D4323C /* Assets.xcassets */ = {isa = PBXFileReference; lastKnownFileType = folder.assetcatalog; path = Assets.xcassets; sourceTree = "<group>"; };
		E87EC8F228EB852500D4323C /* Base */ = {isa = PBXFileReference; lastKnownFileType = file.storyboard; name = Base; path = Base.lproj/LaunchScreen.storyboard; sourceTree = "<group>"; };
		E87EC8F428EB852500D4323C /* Info.plist */ = {isa = PBXFileReference; lastKnownFileType = text.plist.xml; path = Info.plist; sourceTree = "<group>"; };
		E87EC8F928EB852500D4323C /* swift-testableTests.xctest */ = {isa = PBXFileReference; explicitFileType = wrapper.cfbundle; includeInIndex = 0; path = "swift-testableTests.xctest"; sourceTree = BUILT_PRODUCTS_DIR; };
		E87EC8FD28EB852500D4323C /* swift_testableTests.swift */ = {isa = PBXFileReference; lastKnownFileType = sourcecode.swift; path = swift_testableTests.swift; sourceTree = "<group>"; };
		E87EC90328EB852500D4323C /* swift-testableUITests.xctest */ = {isa = PBXFileReference; explicitFileType = wrapper.cfbundle; includeInIndex = 0; path = "swift-testableUITests.xctest"; sourceTree = BUILT_PRODUCTS_DIR; };
		E87EC90728EB852500D4323C /* swift_testableUITests.swift */ = {isa = PBXFileReference; lastKnownFileType = sourcecode.swift; path = swift_testableUITests.swift; sourceTree = "<group>"; };
		E87EC90928EB852500D4323C /* swift_testableUITestsLaunchTests.swift */ = {isa = PBXFileReference; lastKnownFileType = sourcecode.swift; path = swift_testableUITestsLaunchTests.swift; sourceTree = "<group>"; };
/* End PBXFileReference section */

/* Begin PBXFrameworksBuildPhase section */
		E87EC8DD28EB852300D4323C /* Frameworks */ = {
			isa = PBXFrameworksBuildPhase;
			buildActionMask = 2147483647;
			files = (
			);
			runOnlyForDeploymentPostprocessing = 0;
		};
		E87EC8F628EB852500D4323C /* Frameworks */ = {
			isa = PBXFrameworksBuildPhase;
			buildActionMask = 2147483647;
			files = (
			);
			runOnlyForDeploymentPostprocessing = 0;
		};
		E87EC90028EB852500D4323C /* Frameworks */ = {
			isa = PBXFrameworksBuildPhase;
			buildActionMask = 2147483647;
			files = (
			);
			runOnlyForDeploymentPostprocessing = 0;
		};
/* End PBXFrameworksBuildPhase section */

/* Begin PBXGroup section */
		E87EC8D728EB852300D4323C = {
			isa = PBXGroup;
			children = (
				E87EC8E228EB852300D4323C /* swift-testable */,
				E87EC8FC28EB852500D4323C /* swift-testableTests */,
				E87EC90628EB852500D4323C /* swift-testableUITests */,
				E87EC8E128EB852300D4323C /* Products */,
			);
			sourceTree = "<group>";
		};
		E87EC8E128EB852300D4323C /* Products */ = {
			isa = PBXGroup;
			children = (
				E87EC8E028EB852300D4323C /* swift-testable.app */,
				E87EC8F928EB852500D4323C /* swift-testableTests.xctest */,
				E87EC90328EB852500D4323C /* swift-testableUITests.xctest */,
			);
			name = Products;
			sourceTree = "<group>";
		};
		E87EC8E228EB852300D4323C /* swift-testable */ = {
			isa = PBXGroup;
			children = (
				E87EC8E328EB852300D4323C /* AppDelegate.swift */,
				E87EC8E528EB852300D4323C /* SceneDelegate.swift */,
				E87EC8E728EB852300D4323C /* ViewController.swift */,
				E87EC8E928EB852300D4323C /* Main.storyboard */,
				E87EC8EF28EB852500D4323C /* Assets.xcassets */,
				E87EC8F128EB852500D4323C /* LaunchScreen.storyboard */,
				E87EC8F428EB852500D4323C /* Info.plist */,
				E87EC8EC28EB852300D4323C /* swift_testable.xcdatamodeld */,
			);
			path = "swift-testable";
			sourceTree = "<group>";
		};
		E87EC8FC28EB852500D4323C /* swift-testableTests */ = {
			isa = PBXGroup;
			children = (
				E87EC8FD28EB852500D4323C /* swift_testableTests.swift */,
			);
			path = "swift-testableTests";
			sourceTree = "<group>";
		};
		E87EC90628EB852500D4323C /* swift-testableUITests */ = {
			isa = PBXGroup;
			children = (
				E87EC90728EB852500D4323C /* swift_testableUITests.swift */,
				E87EC90928EB852500D4323C /* swift_testableUITestsLaunchTests.swift */,
			);
			path = "swift-testableUITests";
			sourceTree = "<group>";
		};
/* End PBXGroup section */

/* Begin PBXNativeTarget section */
		E87EC8DF28EB852300D4323C /* swift-testable */ = {
			isa = PBXNativeTarget;
			buildConfigurationList = E87EC90D28EB852500D4323C /* Build configuration list for PBXNativeTarget "swift-testable" */;
			buildPhases = (
				E87EC8DC28EB852300D4323C /* Sources */,
				E87EC8DD28EB852300D4323C /* Frameworks */,
				E87EC8DE28EB852300D4323C /* Resources */,
			);
			buildRules = (
			);
			dependencies = (
			);
			name = "swift-testable";
			productName = "swift-testable";
			productReference = E87EC8E028EB852300D4323C /* swift-testable.app */;
			productType = "com.apple.product-type.application";
		};
		E87EC8F828EB852500D4323C /* swift-testableTests */ = {
			isa = PBXNativeTarget;
			buildConfigurationList = E87EC91028EB852500D4323C /* Build configuration list for PBXNativeTarget "swift-testableTests" */;
			buildPhases = (
				E87EC8F528EB852500D4323C /* Sources */,
				E87EC8F628EB852500D4323C /* Frameworks */,
				E87EC8F728EB852500D4323C /* Resources */,
			);
			buildRules = (
			);
			dependencies = (
				E87EC8FB28EB852500D4323C /* PBXTargetDependency */,
			);
			name = "swift-testableTests";
			productName = "swift-testableTests";
			productReference = E87EC8F928EB852500D4323C /* swift-testableTests.xctest */;
			productType = "com.apple.product-type.bundle.unit-test";
		};
		E87EC90228EB852500D4323C /* swift-testableUITests */ = {
			isa = PBXNativeTarget;
			buildConfigurationList = E87EC91328EB852500D4323C /* Build configuration list for PBXNativeTarget "swift-testableUITests" */;
			buildPhases = (
				E87EC8FF28EB852500D4323C /* Sources */,
				E87EC90028EB852500D4323C /* Frameworks */,
				E87EC90128EB852500D4323C /* Resources */,
			);
			buildRules = (
			);
			dependencies = (
				E87EC90528EB852500D4323C /* PBXTargetDependency */,
			);
			name = "swift-testableUITests";
			productName = "swift-testableUITests";
			productReference = E87EC90328EB852500D4323C /* swift-testableUITests.xctest */;
			productType = "com.apple.product-type.bundle.ui-testing";
		};
/* End PBXNativeTarget section */

/* Begin PBXProject section */
		E87EC8D828EB852300D4323C /* Project object */ = {
			isa = PBXProject;
			attributes = {
				BuildIndependentTargetsInParallel = 1;
				LastSwiftUpdateCheck = 1300;
				LastUpgradeCheck = 1300;
				TargetAttributes = {
					E87EC8DF28EB852300D4323C = {
						CreatedOnToolsVersion = 13.0;
					};
					E87EC8F828EB852500D4323C = {
						CreatedOnToolsVersion = 13.0;
						TestTargetID = E87EC8DF28EB852300D4323C;
					};
					E87EC90228EB852500D4323C = {
						CreatedOnToolsVersion = 13.0;
						TestTargetID = E87EC8DF28EB852300D4323C;
					};
				};
			};
			buildConfigurationList = E87EC8DB28EB852300D4323C /* Build configuration list for PBXProject "swift-testable" */;
			compatibilityVersion = "Xcode 13.0";
			developmentRegion = en;
			hasScannedForEncodings = 0;
			knownRegions = (
				en,
				Base,
			);
			mainGroup = E87EC8D728EB852300D4323C;
			productRefGroup = E87EC8E128EB852300D4323C /* Products */;
			projectDirPath = "";
			projectRoot = "";
			targets = (
				E87EC8DF28EB852300D4323C /* swift-testable */,
				E87EC8F828EB852500D4323C /* swift-testableTests */,
				E87EC90228EB852500D4323C /* swift-testableUITests */,
			);
		};
/* End PBXProject section */

/* Begin PBXResourcesBuildPhase section */
		E87EC8DE28EB852300D4323C /* Resources */ = {
			isa = PBXResourcesBuildPhase;
			buildActionMask = 2147483647;
			files = (
				E87EC8F328EB852500D4323C /* LaunchScreen.storyboard in Resources */,
				E87EC8F028EB852500D4323C /* Assets.xcassets in Resources */,
				E87EC8EB28EB852300D4323C /* Main.storyboard in Resources */,
			);
			runOnlyForDeploymentPostprocessing = 0;
		};
		E87EC8F728EB852500D4323C /* Resources */ = {
			isa = PBXResourcesBuildPhase;
			buildActionMask = 2147483647;
			files = (
			);
			runOnlyForDeploymentPostprocessing = 0;
		};
		E87EC90128EB852500D4323C /* Resources */ = {
			isa = PBXResourcesBuildPhase;
			buildActionMask = 2147483647;
			files = (
			);
			runOnlyForDeploymentPostprocessing = 0;
		};
/* End PBXResourcesBuildPhase section */

/* Begin PBXSourcesBuildPhase section */
		E87EC8DC28EB852300D4323C /* Sources */ = {
			isa = PBXSourcesBuildPhase;
			buildActionMask = 2147483647;
			files = (
				E87EC8E828EB852300D4323C /* ViewController.swift in Sources */,
				E87EC8E428EB852300D4323C /* AppDelegate.swift in Sources */,
				E87EC8E628EB852300D4323C /* SceneDelegate.swift in Sources */,
				E87EC8EE28EB852300D4323C /* swift_testable.xcdatamodeld in Sources */,
			);
			runOnlyForDeploymentPostprocessing = 0;
		};
		E87EC8F528EB852500D4323C /* Sources */ = {
			isa = PBXSourcesBuildPhase;
			buildActionMask = 2147483647;
			files = (
				E87EC8FE28EB852500D4323C /* swift_testableTests.swift in Sources */,
			);
			runOnlyForDeploymentPostprocessing = 0;
		};
		E87EC8FF28EB852500D4323C /* Sources */ = {
			isa = PBXSourcesBuildPhase;
			buildActionMask = 2147483647;
			files = (
				E87EC90A28EB852500D4323C /* swift_testableUITestsLaunchTests.swift in Sources */,
				E87EC90828EB852500D4323C /* swift_testableUITests.swift in Sources */,
			);
			runOnlyForDeploymentPostprocessing = 0;
		};
/* End PBXSourcesBuildPhase section */

/* Begin PBXTargetDependency section */
		E87EC8FB28EB852500D4323C /* PBXTargetDependency */ = {
			isa = PBXTargetDependency;
			target = E87EC8DF28EB852300D4323C /* swift-testable */;
			targetProxy = E87EC8FA28EB852500D4323C /* PBXContainerItemProxy */;
		};
		E87EC90528EB852500D4323C /* PBXTargetDependency */ = {
			isa = PBXTargetDependency;
			target = E87EC8DF28EB852300D4323C /* swift-testable */;
			targetProxy = E87EC90428EB852500D4323C /* PBXContainerItemProxy */;
		};
/* End PBXTargetDependency section */

/* Begin PBXVariantGroup section */
		E87EC8E928EB852300D4323C /* Main.storyboard */ = {
			isa = PBXVariantGroup;
			children = (
				E87EC8EA28EB852300D4323C /* Base */,
			);
			name = Main.storyboard;
			sourceTree = "<group>";
		};
		E87EC8F128EB852500D4323C /* LaunchScreen.storyboard */ = {
			isa = PBXVariantGroup;
			children = (
				E87EC8F228EB852500D4323C /* Base */,
			);
			name = LaunchScreen.storyboard;
			sourceTree = "<group>";
		};
/* End PBXVariantGroup section */

/* Begin XCBuildConfiguration section */
		E87EC90B28EB852500D4323C /* Debug */ = {
			isa = XCBuildConfiguration;
			buildSettings = {
				ALWAYS_SEARCH_USER_PATHS = NO;
				CLANG_ANALYZER_NONNULL = YES;
				CLANG_ANALYZER_NUMBER_OBJECT_CONVERSION = YES_AGGRESSIVE;
				CLANG_CXX_LANGUAGE_STANDARD = "gnu++17";
				CLANG_CXX_LIBRARY = "libc++";
				CLANG_ENABLE_MODULES = YES;
				CLANG_ENABLE_OBJC_ARC = YES;
				CLANG_ENABLE_OBJC_WEAK = YES;
				CLANG_WARN_BLOCK_CAPTURE_AUTORELEASING = YES;
				CLANG_WARN_BOOL_CONVERSION = YES;
				CLANG_WARN_COMMA = YES;
				CLANG_WARN_CONSTANT_CONVERSION = YES;
				CLANG_WARN_DEPRECATED_OBJC_IMPLEMENTATIONS = YES;
				CLANG_WARN_DIRECT_OBJC_ISA_USAGE = YES_ERROR;
				CLANG_WARN_DOCUMENTATION_COMMENTS = YES;
				CLANG_WARN_EMPTY_BODY = YES;
				CLANG_WARN_ENUM_CONVERSION = YES;
				CLANG_WARN_INFINITE_RECURSION = YES;
				CLANG_WARN_INT_CONVERSION = YES;
				CLANG_WARN_NON_LITERAL_NULL_CONVERSION = YES;
				CLANG_WARN_OBJC_IMPLICIT_RETAIN_SELF = YES;
				CLANG_WARN_OBJC_LITERAL_CONVERSION = YES;
				CLANG_WARN_OBJC_ROOT_CLASS = YES_ERROR;
				CLANG_WARN_QUOTED_INCLUDE_IN_FRAMEWORK_HEADER = YES;
				CLANG_WARN_RANGE_LOOP_ANALYSIS = YES;
				CLANG_WARN_STRICT_PROTOTYPES = YES;
				CLANG_WARN_SUSPICIOUS_MOVE = YES;
				CLANG_WARN_UNGUARDED_AVAILABILITY = YES_AGGRESSIVE;
				CLANG_WARN_UNREACHABLE_CODE = YES;
				CLANG_WARN__DUPLICATE_METHOD_MATCH = YES;
				COPY_PHASE_STRIP = NO;
				DEBUG_INFORMATION_FORMAT = dwarf;
				ENABLE_STRICT_OBJC_MSGSEND = YES;
				ENABLE_TESTABILITY = YES;
				GCC_C_LANGUAGE_STANDARD = gnu11;
				GCC_DYNAMIC_NO_PIC = NO;
				GCC_NO_COMMON_BLOCKS = YES;
				GCC_OPTIMIZATION_LEVEL = 0;
				GCC_PREPROCESSOR_DEFINITIONS = (
					"DEBUG=1",
					"$(inherited)",
				);
				GCC_WARN_64_TO_32_BIT_CONVERSION = YES;
				GCC_WARN_ABOUT_RETURN_TYPE = YES_ERROR;
				GCC_WARN_UNDECLARED_SELECTOR = YES;
				GCC_WARN_UNINITIALIZED_AUTOS = YES_AGGRESSIVE;
				GCC_WARN_UNUSED_FUNCTION = YES;
				GCC_WARN_UNUSED_VARIABLE = YES;
				IPHONEOS_DEPLOYMENT_TARGET = 15.0;
				MTL_ENABLE_DEBUG_INFO = INCLUDE_SOURCE;
				MTL_FAST_MATH = YES;
				ONLY_ACTIVE_ARCH = YES;
				SDKROOT = iphoneos;
				SWIFT_ACTIVE_COMPILATION_CONDITIONS = DEBUG;
				SWIFT_OPTIMIZATION_LEVEL = "-Onone";
			};
			name = Debug;
		};
		E87EC90C28EB852500D4323C /* Release */ = {
			isa = XCBuildConfiguration;
			buildSettings = {
				ALWAYS_SEARCH_USER_PATHS = NO;
				CLANG_ANALYZER_NONNULL = YES;
				CLANG_ANALYZER_NUMBER_OBJECT_CONVERSION = YES_AGGRESSIVE;
				CLANG_CXX_LANGUAGE_STANDARD = "gnu++17";
				CLANG_CXX_LIBRARY = "libc++";
				CLANG_ENABLE_MODULES = YES;
				CLANG_ENABLE_OBJC_ARC = YES;
				CLANG_ENABLE_OBJC_WEAK = YES;
				CLANG_WARN_BLOCK_CAPTURE_AUTORELEASING = YES;
				CLANG_WARN_BOOL_CONVERSION = YES;
				CLANG_WARN_COMMA = YES;
				CLANG_WARN_CONSTANT_CONVERSION = YES;
				CLANG_WARN_DEPRECATED_OBJC_IMPLEMENTATIONS = YES;
				CLANG_WARN_DIRECT_OBJC_ISA_USAGE = YES_ERROR;
				CLANG_WARN_DOCUMENTATION_COMMENTS = YES;
				CLANG_WARN_EMPTY_BODY = YES;
				CLANG_WARN_ENUM_CONVERSION = YES;
				CLANG_WARN_INFINITE_RECURSION = YES;
				CLANG_WARN_INT_CONVERSION = YES;
				CLANG_WARN_NON_LITERAL_NULL_CONVERSION = YES;
				CLANG_WARN_OBJC_IMPLICIT_RETAIN_SELF = YES;
				CLANG_WARN_OBJC_LITERAL_CONVERSION = YES;
				CLANG_WARN_OBJC_ROOT_CLASS = YES_ERROR;
				CLANG_WARN_QUOTED_INCLUDE_IN_FRAMEWORK_HEADER = YES;
				CLANG_WARN_RANGE_LOOP_ANALYSIS = YES;
				CLANG_WARN_STRICT_PROTOTYPES = YES;
				CLANG_WARN_SUSPICIOUS_MOVE = YES;
				CLANG_WARN_UNGUARDED_AVAILABILITY = YES_AGGRESSIVE;
				CLANG_WARN_UNREACHABLE_CODE = YES;
				CLANG_WARN__DUPLICATE_METHOD_MATCH = YES;
				COPY_PHASE_STRIP = NO;
				DEBUG_INFORMATION_FORMAT = "dwarf-with-dsym";
				ENABLE_NS_ASSERTIONS = NO;
				ENABLE_STRICT_OBJC_MSGSEND = YES;
				GCC_C_LANGUAGE_STANDARD = gnu11;
				GCC_NO_COMMON_BLOCKS = YES;
				GCC_WARN_64_TO_32_BIT_CONVERSION = YES;
				GCC_WARN_ABOUT_RETURN_TYPE = YES_ERROR;
				GCC_WARN_UNDECLARED_SELECTOR = YES;
				GCC_WARN_UNINITIALIZED_AUTOS = YES_AGGRESSIVE;
				GCC_WARN_UNUSED_FUNCTION = YES;
				GCC_WARN_UNUSED_VARIABLE = YES;
				IPHONEOS_DEPLOYMENT_TARGET = 15.0;
				MTL_ENABLE_DEBUG_INFO = NO;
				MTL_FAST_MATH = YES;
				SDKROOT = iphoneos;
				SWIFT_COMPILATION_MODE = wholemodule;
				SWIFT_OPTIMIZATION_LEVEL = "-O";
				VALIDATE_PRODUCT = YES;
			};
			name = Release;
		};
		E87EC90E28EB852500D4323C /* Debug */ = {
			isa = XCBuildConfiguration;
			buildSettings = {
				ASSETCATALOG_COMPILER_APPICON_NAME = AppIcon;
				ASSETCATALOG_COMPILER_GLOBAL_ACCENT_COLOR_NAME = AccentColor;
				CODE_SIGN_STYLE = Automatic;
				CURRENT_PROJECT_VERSION = 1;
				DEVELOPMENT_TEAM = 7SH46749RP;
				GENERATE_INFOPLIST_FILE = YES;
				INFOPLIST_FILE = "swift-testable/Info.plist";
				INFOPLIST_KEY_UIApplicationSupportsIndirectInputEvents = YES;
				INFOPLIST_KEY_UILaunchStoryboardName = LaunchScreen;
				INFOPLIST_KEY_UIMainStoryboardFile = Main;
				INFOPLIST_KEY_UISupportedInterfaceOrientations_iPad = "UIInterfaceOrientationPortrait UIInterfaceOrientationPortraitUpsideDown UIInterfaceOrientationLandscapeLeft UIInterfaceOrientationLandscapeRight";
				INFOPLIST_KEY_UISupportedInterfaceOrientations_iPhone = "UIInterfaceOrientationPortrait UIInterfaceOrientationLandscapeLeft UIInterfaceOrientationLandscapeRight";
				LD_RUNPATH_SEARCH_PATHS = (
					"$(inherited)",
					"@executable_path/Frameworks",
				);
				MARKETING_VERSION = 1.0;
				PRODUCT_BUNDLE_IDENTIFIER = "RBS.swift-testable";
				PRODUCT_NAME = "$(TARGET_NAME)";
				SWIFT_EMIT_LOC_STRINGS = YES;
				SWIFT_VERSION = 5.0;
				TARGETED_DEVICE_FAMILY = "1,2";
			};
			name = Debug;
		};
		E87EC90F28EB852500D4323C /* Release */ = {
			isa = XCBuildConfiguration;
			buildSettings = {
				ASSETCATALOG_COMPILER_APPICON_NAME = AppIcon;
				ASSETCATALOG_COMPILER_GLOBAL_ACCENT_COLOR_NAME = AccentColor;
				CODE_SIGN_STYLE = Automatic;
				CURRENT_PROJECT_VERSION = 1;
				DEVELOPMENT_TEAM = 7SH46749RP;
				GENERATE_INFOPLIST_FILE = YES;
				INFOPLIST_FILE = "swift-testable/Info.plist";
				INFOPLIST_KEY_UIApplicationSupportsIndirectInputEvents = YES;
				INFOPLIST_KEY_UILaunchStoryboardName = LaunchScreen;
				INFOPLIST_KEY_UIMainStoryboardFile = Main;
				INFOPLIST_KEY_UISupportedInterfaceOrientations_iPad = "UIInterfaceOrientationPortrait UIInterfaceOrientationPortraitUpsideDown UIInterfaceOrientationLandscapeLeft UIInterfaceOrientationLandscapeRight";
				INFOPLIST_KEY_UISupportedInterfaceOrientations_iPhone = "UIInterfaceOrientationPortrait UIInterfaceOrientationLandscapeLeft UIInterfaceOrientationLandscapeRight";
				LD_RUNPATH_SEARCH_PATHS = (
					"$(inherited)",
					"@executable_path/Frameworks",
				);
				MARKETING_VERSION = 1.0;
				PRODUCT_BUNDLE_IDENTIFIER = "RBS.swift-testable";
				PRODUCT_NAME = "$(TARGET_NAME)";
				SWIFT_EMIT_LOC_STRINGS = YES;
				SWIFT_VERSION = 5.0;
				TARGETED_DEVICE_FAMILY = "1,2";
			};
			name = Release;
		};
		E87EC91128EB852500D4323C /* Debug */ = {
			isa = XCBuildConfiguration;
			buildSettings = {
				ALWAYS_EMBED_SWIFT_STANDARD_LIBRARIES = YES;
				BUNDLE_LOADER = "$(TEST_HOST)";
				CODE_SIGN_STYLE = Automatic;
				CURRENT_PROJECT_VERSION = 1;
				DEVELOPMENT_TEAM = 7SH46749RP;
				GENERATE_INFOPLIST_FILE = YES;
				IPHONEOS_DEPLOYMENT_TARGET = 15.0;
				LD_RUNPATH_SEARCH_PATHS = (
					"$(inherited)",
					"@executable_path/Frameworks",
					"@loader_path/Frameworks",
				);
				MARKETING_VERSION = 1.0;
				PRODUCT_BUNDLE_IDENTIFIER = "RBS.swift-testableTests";
				PRODUCT_NAME = "$(TARGET_NAME)";
				SWIFT_EMIT_LOC_STRINGS = NO;
				SWIFT_VERSION = 5.0;
				TARGETED_DEVICE_FAMILY = "1,2";
				TEST_HOST = "$(BUILT_PRODUCTS_DIR)/swift-testable.app/swift-testable";
			};
			name = Debug;
		};
		E87EC91228EB852500D4323C /* Release */ = {
			isa = XCBuildConfiguration;
			buildSettings = {
				ALWAYS_EMBED_SWIFT_STANDARD_LIBRARIES = YES;
				BUNDLE_LOADER = "$(TEST_HOST)";
				CODE_SIGN_STYLE = Automatic;
				CURRENT_PROJECT_VERSION = 1;
				DEVELOPMENT_TEAM = 7SH46749RP;
				GENERATE_INFOPLIST_FILE = YES;
				IPHONEOS_DEPLOYMENT_TARGET = 15.0;
				LD_RUNPATH_SEARCH_PATHS = (
					"$(inherited)",
					"@executable_path/Frameworks",
					"@loader_path/Frameworks",
				);
				MARKETING_VERSION = 1.0;
				PRODUCT_BUNDLE_IDENTIFIER = "RBS.swift-testableTests";
				PRODUCT_NAME = "$(TARGET_NAME)";
				SWIFT_EMIT_LOC_STRINGS = NO;
				SWIFT_VERSION = 5.0;
				TARGETED_DEVICE_FAMILY = "1,2";
				TEST_HOST = "$(BUILT_PRODUCTS_DIR)/swift-testable.app/swift-testable";
			};
			name = Release;
		};
		E87EC91428EB852500D4323C /* Debug */ = {
			isa = XCBuildConfiguration;
			buildSettings = {
				ALWAYS_EMBED_SWIFT_STANDARD_LIBRARIES = YES;
				CODE_SIGN_STYLE = Automatic;
				CURRENT_PROJECT_VERSION = 1;
				DEVELOPMENT_TEAM = 7SH46749RP;
				GENERATE_INFOPLIST_FILE = YES;
				LD_RUNPATH_SEARCH_PATHS = (
					"$(inherited)",
					"@executable_path/Frameworks",
					"@loader_path/Frameworks",
				);
				MARKETING_VERSION = 1.0;
				PRODUCT_BUNDLE_IDENTIFIER = "RBS.swift-testableUITests";
				PRODUCT_NAME = "$(TARGET_NAME)";
				SWIFT_EMIT_LOC_STRINGS = NO;
				SWIFT_VERSION = 5.0;
				TARGETED_DEVICE_FAMILY = "1,2";
				TEST_TARGET_NAME = "swift-testable";
			};
			name = Debug;
		};
		E87EC91528EB852500D4323C /* Release */ = {
			isa = XCBuildConfiguration;
			buildSettings = {
				ALWAYS_EMBED_SWIFT_STANDARD_LIBRARIES = YES;
				CODE_SIGN_STYLE = Automatic;
				CURRENT_PROJECT_VERSION = 1;
				DEVELOPMENT_TEAM = 7SH46749RP;
				GENERATE_INFOPLIST_FILE = YES;
				LD_RUNPATH_SEARCH_PATHS = (
					"$(inherited)",
					"@executable_path/Frameworks",
					"@loader_path/Frameworks",
				);
				MARKETING_VERSION = 1.0;
				PRODUCT_BUNDLE_IDENTIFIER = "RBS.swift-testableUITests";
				PRODUCT_NAME = "$(TARGET_NAME)";
				SWIFT_EMIT_LOC_STRINGS = NO;
				SWIFT_VERSION = 5.0;
				TARGETED_DEVICE_FAMILY = "1,2";
				TEST_TARGET_NAME = "swift-testable";
			};
			name = Release;
		};
/* End XCBuildConfiguration section */

/* Begin XCConfigurationList section */
		E87EC8DB28EB852300D4323C /* Build configuration list for PBXProject "swift-testable" */ = {
			isa = XCConfigurationList;
			buildConfigurations = (
				E87EC90B28EB852500D4323C /* Debug */,
				E87EC90C28EB852500D4323C /* Release */,
			);
			defaultConfigurationIsVisible = 0;
			defaultConfigurationName = Release;
		};
		E87EC90D28EB852500D4323C /* Build configuration list for PBXNativeTarget "swift-testable" */ = {
			isa = XCConfigurationList;
			buildConfigurations = (
				E87EC90E28EB852500D4323C /* Debug */,
				E87EC90F28EB852500D4323C /* Release */,
			);
			defaultConfigurationIsVisible = 0;
			defaultConfigurationName = Release;
		};
		E87EC91028EB852500D4323C /* Build configuration list for PBXNativeTarget "swift-testableTests" */ = {
			isa = XCConfigurationList;
			buildConfigurations = (
				E87EC91128EB852500D4323C /* Debug */,
				E87EC91228EB852500D4323C /* Release */,
			);
			defaultConfigurationIsVisible = 0;
			defaultConfigurationName = Release;
		};
		E87EC91328EB852500D4323C /* Build configuration list for PBXNativeTarget "swift-testableUITests" */ = {
			isa = XCConfigurationList;
			buildConfigurations = (
				E87EC91428EB852500D4323C /* Debug */,
				E87EC91528EB852500D4323C /* Release */,
			);
			defaultConfigurationIsVisible = 0;
			defaultConfigurationName = Release;
		};
/* End XCConfigurationList section */

/* Begin XCVersionGroup section */
		E87EC8EC28EB852300D4323C /* swift_testable.xcdatamodeld */ = {
			isa = XCVersionGroup;
			children = (
				E87EC8ED28EB852300D4323C /* swift_testable.xcdatamodel */,
			);
			currentVersion = E87EC8ED28EB852300D4323C /* swift_testable.xcdatamodel */;
			path = swift_testable.xcdatamodeld;
			sourceTree = "<group>";
			versionGroupType = wrapper.xcdatamodel;
		};
/* End XCVersionGroup section */
	};
	rootObject = E87EC8D828EB852300D4323C /* Project object */;
}
